Microsoft Visual Studio Solution File, Format Version 12.00
# Visual Studio Version 17
VisualStudioVersion = 17.14.35906.104
MinimumVisualStudioVersion = 10.0.40219.1
Project("{FAE04EC0-301F-11D3-BF4B-00C04F79EFBC}") = "WindowsFormsApp2", "WindowsFormsApp2.csproj", "{7533CAF2-6C0C-4588-BFC1-29A5BC50FC1C}"
EndProject
Global
	GlobalSection(SolutionConfigurationPlatforms) = preSolution
		Debug|Any CPU = Debug|Any CPU
		Release|Any CPU = Release|Any CPU
	EndGlobalSection
	GlobalSection(ProjectConfigurationPlatforms) = postSolution
		{7533CAF2-6C0C-4588-BFC1-29A5BC50FC1C}.Debug|Any CPU.ActiveCfg = Debug|Any CPU
		{7533CAF2-6C0C-4588-BFC1-29A5BC50FC1C}.Debug|Any CPU.Build.0 = Debug|Any CPU
		{7533CAF2-6C0C-4588-BFC1-29A5BC50FC1C}.Release|Any CPU.ActiveCfg = Release|Any CPU
		{7533CAF2-6C0C-4588-BFC1-29A5BC50FC1C}.Release|Any CPU.Build.0 = Release|Any CPU
	EndGlobalSection
	GlobalSection(SolutionProperties) = preSolution
		HideSolutionNode = FALSE
	EndGlobalSection
	GlobalSection(ExtensibilityGlobals) = postSolution
		SolutionGuid = {0049C2B2-B84D-4DC3-9110-77E5146B587C}
	EndGlobalSection
EndGlobal
